<?xml version="1.0" encoding="utf-8"?>
<Project ToolsVersion="4.0" xmlns="http://schemas.microsoft.com/developer/msbuild/2003">
  <ItemGroup>
    <Filter Include="Source Files">
      <UniqueIdentifier>{4FC737F1-C7A5-4376-A066-2A32D752A2FF}</UniqueIdentifier>
      <Extensions>cpp;c;cc;cxx;def;odl;idl;hpj;bat;asm;asmx</Extensions>
    </Filter>
    <Filter Include="Header Files">
      <UniqueIdentifier>{93995380-89BD-4b04-88EB-625FBE52EBFB}</UniqueIdentifier>
      <Extensions>h;hpp;hxx;hm;inl;inc;xsd</Extensions>
    </Filter>
    <Filter Include="Resource Files">
      <UniqueIdentifier>{67DA6AB6-F800-4c08-8B7A-83BB121AAD01}</UniqueIdentifier>
      <Extensions>rc;ico;cur;bmp;dlg;rc2;rct;bin;rgs;gif;jpg;jpeg;jpe;resx;tiff;tif;png;wav;mfcribbon-ms</Extensions>
    </Filter>
    <Filter Include="Header Files\Utilities">
      <UniqueIdentifier>{fe26b46a-08aa-4e3c-91d4-79a3533efb08}</UniqueIdentifier>
    </Filter>
  </ItemGroup>
  <ItemGroup>
    <Text Include="ReadMe.txt" />
  </ItemGroup>
  <ItemGroup>
    <ClInclude Include="stdafx.h">
      <Filter>Header Files</Filter>
    </ClInclude>
    <ClInclude Include="targetver.h">
      <Filter>Header Files</Filter>
    </ClInclude>
    <ClInclude Include="DirectCore.h">
      <Filter>Header Files</Filter>
    </ClInclude>
    <ClInclude Include="DirectCubeFactory.h">
      <Filter>Header Files</Filter>
    </ClInclude>
    <ClInclude Include="DirectSingleCube.h">
      <Filter>Header Files</Filter>
    </ClInclude>
    <ClInclude Include="DirectRubicsCube.h">
      <Filter>Header Files</Filter>
    </ClInclude>
    <ClInclude Include="MouseHandler.h">
      <Filter>Header Files</Filter>
    </ClInclude>
    <ClInclude Include="DirectCubeManager.h">
      <Filter>Header Files</Filter>
    </ClInclude>
    <ClInclude Include="IKeyboardListener.h">
      <Filter>Header Files</Filter>
    </ClInclude>
    <ClInclude Include="GeometricPrimitiveCustom.h">
      <Filter>Header Files</Filter>
    </ClInclude>
    <ClInclude Include="TimeMeasureDecorator.h">
      <Filter>Header Files\Utilities</Filter>
    </ClInclude>
    <ClInclude Include="RubicsCubeBuilder.h">
      <Filter>Header Files</Filter>
    </ClInclude>
    <ClInclude Include="IFactory.h">
      <Filter>Header Files</Filter>
    </ClInclude>
    <ClInclude Include="IGeometry.h">
      <Filter>Header Files</Filter>
    </ClInclude>
    <ClInclude Include="DirectGeometry.h">
      <Filter>Header Files</Filter>
    </ClInclude>
    <ClInclude Include="DirectFactory.h">
      <Filter>Header Files</Filter>
    </ClInclude>
    <ClInclude Include="DirectEffectWrapper.h">
      <Filter>Header Files</Filter>
    </ClInclude>
    <ClInclude Include="CustomPrimitiveBuilder.h">
      <Filter>Header Files</Filter>
    </ClInclude>
    <ClInclude Include="CustomPrimitiveCubeInfo.h">
      <Filter>Header Files</Filter>
    </ClInclude>
    <ClInclude Include="SHARED_DEFS.h">
      <Filter>Header Files</Filter>
    </ClInclude>
  </ItemGroup>
  <ItemGroup>
    <ClCompile Include="stdafx.cpp">
      <Filter>Source Files</Filter>
    </ClCompile>
    <ClCompile Include="RubicX_01.cpp">
      <Filter>Source Files</Filter>
    </ClCompile>
    <ClCompile Include="DirectCore.cpp">
      <Filter>Source Files</Filter>
    </ClCompile>
    <ClCompile Include="DirectCubeFactory.cpp">
      <Filter>Source Files</Filter>
    </ClCompile>
    <ClCompile Include="DirectSingleCube.cpp">
      <Filter>Source Files</Filter>
    </ClCompile>
    <ClCompile Include="DirectRubicsCube.cpp">
      <Filter>Source Files</Filter>
    </ClCompile>
    <ClCompile Include="MouseHandler.cpp">
      <Filter>Source Files</Filter>
    </ClCompile>
    <ClCompile Include="DirectCubeManager.cpp">
      <Filter>Source Files</Filter>
    </ClCompile>
    <ClCompile Include="GeometricPrimitiveCustom.cpp">
      <Filter>Source Files</Filter>
    </ClCompile>
    <ClCompile Include="RubicsCubeBuilder.cpp">
      <Filter>Source Files</Filter>
    </ClCompile>
    <ClCompile Include="DirectFactory.cpp">
      <Filter>Source Files</Filter>
    </ClCompile>
    <ClCompile Include="DirectGeometry.cpp">
      <Filter>Source Files</Filter>
    </ClCompile>
    <ClCompile Include="DirectEffectWrapper.cpp">
      <Filter>Source Files</Filter>
    </ClCompile>
    <ClCompile Include="CustomPrimitiveCubeInfo.cpp">
      <Filter>Source Files</Filter>
    </ClCompile>
  </ItemGroup>
</Project>