<?xml version="1.0" encoding="utf-8"?>
<Project ToolsVersion="4.0" xmlns="http://schemas.microsoft.com/developer/msbuild/2003">
  <ItemGroup>
    <Filter Include="Source Files">
      <UniqueIdentifier>{4FC737F1-C7A5-4376-A066-2A32D752A2FF}</UniqueIdentifier>
      <Extensions>cpp;c;cc;cxx;def;odl;idl;hpj;bat;asm;asmx</Extensions>
    </Filter>
    <Filter Include="Header Files">
      <UniqueIdentifier>{93995380-89BD-4b04-88EB-625FBE52EBFB}</UniqueIdentifier>
      <Extensions>h;hpp;hxx;hm;inl;inc;xsd</Extensions>
    </Filter>
    <Filter Include="Resource Files">
      <UniqueIdentifier>{67DA6AB6-F800-4c08-8B7A-83BB121AAD01}</UniqueIdentifier>
      <Extensions>rc;ico;cur;bmp;dlg;rc2;rct;bin;rgs;gif;jpg;jpeg;jpe;resx;tiff;tif;png;wav;mfcribbon-ms</Extensions>
    </Filter>
    <Filter Include="Header Files\Utilities">
      <UniqueIdentifier>{fe26b46a-08aa-4e3c-91d4-79a3533efb08}</UniqueIdentifier>
    </Filter>
    <Filter Include="Header Files\RubicsCube">
      <UniqueIdentifier>{799c2fca-ff3d-4506-8f26-307411b8e437}</UniqueIdentifier>
    </Filter>
    <Filter Include="Source Files\RubicsCube">
      <UniqueIdentifier>{bc2db05c-52c4-4048-a73d-cfc0e966dae3}</UniqueIdentifier>
    </Filter>
  </ItemGroup>
  <ItemGroup>
    <Text Include="ReadMe.txt" />
  </ItemGroup>
  <ItemGroup>
    <ClInclude Include="DirectCore.h">
      <Filter>Header Files</Filter>
    </ClInclude>
    <ClInclude Include="TimeMeasureDecorator.h">
      <Filter>Header Files\Utilities</Filter>
    </ClInclude>
    <ClInclude Include="DirectGeometry.h">
      <Filter>Header Files</Filter>
    </ClInclude>
    <ClInclude Include="DirectFactory.h">
      <Filter>Header Files</Filter>
    </ClInclude>
    <ClInclude Include="DirectEffectWrapper.h">
      <Filter>Header Files</Filter>
    </ClInclude>
    <ClInclude Include="DirectCustomPrimitiveGeometry.h">
      <Filter>Header Files</Filter>
    </ClInclude>
    <ClInclude Include="DirectTextureHolder.h">
      <Filter>Header Files</Filter>
    </ClInclude>
    <ClInclude Include="DirectViewProjectionWrapper.h">
      <Filter>Header Files</Filter>
    </ClInclude>
    <ClInclude Include="DirectTimer.h">
      <Filter>Header Files</Filter>
    </ClInclude>
    <ClInclude Include="RubicsCube\CustomPrimitiveBuilder.h">
      <Filter>Header Files\RubicsCube</Filter>
    </ClInclude>
    <ClInclude Include="RubicsCube\CustomPrimitiveCubeInfo.h">
      <Filter>Header Files\RubicsCube</Filter>
    </ClInclude>
    <ClInclude Include="RubicsCube\CustomPrimitiveFunctions.h">
      <Filter>Header Files\RubicsCube</Filter>
    </ClInclude>
    <ClInclude Include="RubicsCube\IEffectWrapper.h">
      <Filter>Header Files\RubicsCube</Filter>
    </ClInclude>
    <ClInclude Include="RubicsCube\IFactory.h">
      <Filter>Header Files\RubicsCube</Filter>
    </ClInclude>
    <ClInclude Include="RubicsCube\IGeometry.h">
      <Filter>Header Files\RubicsCube</Filter>
    </ClInclude>
    <ClInclude Include="RubicsCube\IKeyboardListener.h">
      <Filter>Header Files\RubicsCube</Filter>
    </ClInclude>
    <ClInclude Include="RubicsCube\IViewProjectionWrapper.h">
      <Filter>Header Files\RubicsCube</Filter>
    </ClInclude>
    <ClInclude Include="RubicsCube\RubicsCube.h">
      <Filter>Header Files\RubicsCube</Filter>
    </ClInclude>
    <ClInclude Include="RubicsCube\RubicsCubeBuilder.h">
      <Filter>Header Files\RubicsCube</Filter>
    </ClInclude>
    <ClInclude Include="RubicsCube\RubicsCubeFactory.h">
      <Filter>Header Files\RubicsCube</Filter>
    </ClInclude>
    <ClInclude Include="RubicsCube\RubicsCubeManager.h">
      <Filter>Header Files\RubicsCube</Filter>
    </ClInclude>
    <ClInclude Include="RubicsCube\RubicsMouseHandler.h">
      <Filter>Header Files\RubicsCube</Filter>
    </ClInclude>
    <ClInclude Include="RubicsCube\RubicsSingleCube.h">
      <Filter>Header Files\RubicsCube</Filter>
    </ClInclude>
    <ClInclude Include="RubicsCube\SHARED_DEFS.h">
      <Filter>Header Files\RubicsCube</Filter>
    </ClInclude>
    <ClInclude Include="RubicsCube\SharedFunctions.h">
      <Filter>Header Files\RubicsCube</Filter>
    </ClInclude>
    <ClInclude Include="RubicsCube\TimeMeasureDecorator.h">
      <Filter>Header Files\RubicsCube</Filter>
    </ClInclude>
    <ClInclude Include="stdafx.h">
      <Filter>Header Files</Filter>
    </ClInclude>
    <ClInclude Include="targetver.h">
      <Filter>Header Files</Filter>
    </ClInclude>
  </ItemGroup>
  <ItemGroup>
    <ClCompile Include="RubicX_01.cpp">
      <Filter>Source Files</Filter>
    </ClCompile>
    <ClCompile Include="DirectCore.cpp">
      <Filter>Source Files</Filter>
    </ClCompile>
    <ClCompile Include="DirectFactory.cpp">
      <Filter>Source Files</Filter>
    </ClCompile>
    <ClCompile Include="DirectGeometry.cpp">
      <Filter>Source Files</Filter>
    </ClCompile>
    <ClCompile Include="DirectEffectWrapper.cpp">
      <Filter>Source Files</Filter>
    </ClCompile>
    <ClCompile Include="DirectCustomPrimitiveFunctions.cpp">
      <Filter>Source Files</Filter>
    </ClCompile>
    <ClCompile Include="DirectCustomPrimitiveGeometry.cpp">
      <Filter>Source Files</Filter>
    </ClCompile>
    <ClCompile Include="DirectTextureHolder.cpp">
      <Filter>Source Files</Filter>
    </ClCompile>
    <ClCompile Include="DirectViewProjectionWrapper.cpp">
      <Filter>Source Files</Filter>
    </ClCompile>
    <ClCompile Include="DirectSharedFunctions.cpp">
      <Filter>Source Files</Filter>
    </ClCompile>
    <ClCompile Include="DirectTimer.cpp">
      <Filter>Source Files</Filter>
    </ClCompile>
    <ClCompile Include="RubicsCube\CustomPrimitiveCubeInfo.cpp">
      <Filter>Source Files\RubicsCube</Filter>
    </ClCompile>
    <ClCompile Include="RubicsCube\RubicsCube.cpp">
      <Filter>Source Files\RubicsCube</Filter>
    </ClCompile>
    <ClCompile Include="RubicsCube\RubicsCubeBuilder.cpp">
      <Filter>Source Files\RubicsCube</Filter>
    </ClCompile>
    <ClCompile Include="RubicsCube\RubicsCubeFactory.cpp">
      <Filter>Source Files\RubicsCube</Filter>
    </ClCompile>
    <ClCompile Include="RubicsCube\RubicsCubeManager.cpp">
      <Filter>Source Files\RubicsCube</Filter>
    </ClCompile>
    <ClCompile Include="RubicsCube\RubicsMouseHandler.cpp">
      <Filter>Source Files\RubicsCube</Filter>
    </ClCompile>
    <ClCompile Include="RubicsCube\RubicsSingleCube.cpp">
      <Filter>Source Files\RubicsCube</Filter>
    </ClCompile>
    <ClCompile Include="stdafx.cpp">
      <Filter>Source Files</Filter>
    </ClCompile>
  </ItemGroup>
</Project>